
Microsoft Visual Studio Solution File, Format Version 12.00
# Visual Studio 15
VisualStudioVersion = 15.0.27130.2024
MinimumVisualStudioVersion = 10.0.40219.1
Project("{FAE04EC0-301F-11D3-BF4B-00C04F79EFBC}") = "ConsoleApp1", "ConsoleApp1\ConsoleApp1.csproj", "{95FEE06C-8DE2-466C-892C-5C0D0E1EC235}"
EndProject
Global
	GlobalSection(SolutionConfigurationPlatforms) = preSolution
		Debug|Any CPU = Debug|Any CPU
		Release|Any CPU = Release|Any CPU
	EndGlobalSection
	GlobalSection(ProjectConfigurationPlatforms) = postSolution
		{95FEE06C-8DE2-466C-892C-5C0D0E1EC235}.Debug|Any CPU.ActiveCfg = Debug|Any CPU
		{95FEE06C-8DE2-466C-892C-5C0D0E1EC235}.Debug|Any CPU.Build.0 = Debug|Any CPU
		{95FEE06C-8DE2-466C-892C-5C0D0E1EC235}.Release|Any CPU.ActiveCfg = Release|Any CPU
		{95FEE06C-8DE2-466C-892C-5C0D0E1EC235}.Release|Any CPU.Build.0 = Release|Any CPU
	EndGlobalSection
	GlobalSection(SolutionProperties) = preSolution
		HideSolutionNode = FALSE
	EndGlobalSection
	GlobalSection(ExtensibilityGlobals) = postSolution
		SolutionGuid = {F4470AD0-B1BE-4D00-90B2-6F5D3DA0F0B9}
	EndGlobalSection
EndGlobal
